Microsoft Visual Studio Solution File, Format Version 12.00
# Visual Studio Version 17
VisualStudioVersion = 17.5.2.0
MinimumVisualStudioVersion = 10.0.40219.1
Project("{FAE04EC0-301F-11D3-BF4B-00C04F79EFBC}") = "Calculadora_Metodo", "Calculadora_Metodo\Calculadora_Metodo.csproj", "{0F4B1731-35DB-9022-C078-F6BC8D7C18AE}"
EndProject
Global
	GlobalSection(SolutionConfigurationPlatforms) = preSolution
		Debug|Any CPU = Debug|Any CPU
		Release|Any CPU = Release|Any CPU
	EndGlobalSection
	GlobalSection(ProjectConfigurationPlatforms) = postSolution
		{0F4B1731-35DB-9022-C078-F6BC8D7C18AE}.Debug|Any CPU.ActiveCfg = Debug|Any CPU
		{0F4B1731-35DB-9022-C078-F6BC8D7C18AE}.Debug|Any CPU.Build.0 = Debug|Any CPU
		{0F4B1731-35DB-9022-C078-F6BC8D7C18AE}.Release|Any CPU.ActiveCfg = Release|Any CPU
		{0F4B1731-35DB-9022-C078-F6BC8D7C18AE}.Release|Any CPU.Build.0 = Release|Any CPU
	EndGlobalSection
	GlobalSection(SolutionProperties) = preSolution
		HideSolutionNode = FALSE
	EndGlobalSection
	GlobalSection(ExtensibilityGlobals) = postSolution
		SolutionGuid = {DF1C810B-1E1F-4906-8DAB-C021A243301E}
	EndGlobalSection
EndGlobal
